PODS:
  - Alamofire (5.4.1)
  - Bond (7.8.1):
    - Differ (~> 1.4)
    - ReactiveKit (~> 3.14)
  - Differ (1.4.5)
  - Kingfisher (6.0.1)
  - MarqueeLabel (4.0.5)
  - PromiseKit (6.13.1):
    - PromiseKit/CorePromise (= 6.13.1)
    - PromiseKit/Foundation (= 6.13.1)
    - PromiseKit/UIKit (= 6.13.1)
  - PromiseKit/CorePromise (6.13.1)
  - PromiseKit/Foundation (6.13.1):
    - PromiseKit/CorePromise
  - PromiseKit/UIKit (6.13.1):
    - PromiseKit/CorePromise
  - ReactiveKit (3.17.4)
  - TTGTagCollectionView (1.11.1)

DEPENDENCIES:
  - Alamofire (~> 5.2)
  - Bond
  - Kingfisher (~> 6.0)
  - MarqueeLabel
  - PromiseKit (~> 6.8)
  - TTGTagCollectionView

SPEC REPOS:
  https://github.com/CocoaPods/Specs.git:
    - Alamofire
    - Bond
    - Differ
    - Kingfisher
    - MarqueeLabel
    - PromiseKit
    - ReactiveKit
    - TTGTagCollectionView

SPEC CHECKSUMS:
  Alamofire: 2291f7d21ca607c491dd17642e5d40fdcda0e65c
  Bond: 87075c7f20f37ea3e73dc7057fce839787bf46eb
  Differ: 3b6bd78e2b20cc795d9a86f7641d087524e4273e
  Kingfisher: adde87a4f74f6a3845395769354efff593581740
  MarqueeLabel: 00cc0bcd087111dca575878b3531af980559707d
  PromiseKit: 28fda91c973cc377875d8c0ea4f973013c05b6db
  ReactiveKit: f9f9e079efa39312c597bf1508ef4810d111ce76
  TTGTagCollectionView: 86fcbfa6a7493c9e860b01c2e693cffc8acf6de1

PODFILE CHECKSUM: 42e2d08967b78bce421459b7f6950472aade61c6

COCOAPODS: 1.10.1
